
Microsoft Visual Studio Solution File, Format Version 12.00
# Visual Studio Version 16
VisualStudioVersion = 16.0.36128.20
MinimumVisualStudioVersion = 10.0.40219.1
Project("{FAE04EC0-301F-11D3-BF4B-00C04F79EFBC}") = "WebAppERP", "WebAppERP.csproj", "{7E79999E-58BB-457A-AA96-078C9F76147C}"
EndProject
Global
	GlobalSection(SolutionConfigurationPlatforms) = preSolution
		Debug|Any CPU = Debug|Any CPU
		Release|Any CPU = Release|Any CPU
	EndGlobalSection
	GlobalSection(ProjectConfigurationPlatforms) = postSolution
		{7E79999E-58BB-457A-AA96-078C9F76147C}.Debug|Any CPU.ActiveCfg = Debug|Any CPU
		{7E79999E-58BB-457A-AA96-078C9F76147C}.Debug|Any CPU.Build.0 = Debug|Any CPU
		{7E79999E-58BB-457A-AA96-078C9F76147C}.Release|Any CPU.ActiveCfg = Release|Any CPU
		{7E79999E-58BB-457A-AA96-078C9F76147C}.Release|Any CPU.Build.0 = Release|Any CPU
	EndGlobalSection
	GlobalSection(SolutionProperties) = preSolution
		HideSolutionNode = FALSE
	EndGlobalSection
	GlobalSection(ExtensibilityGlobals) = postSolution
		SolutionGuid = {A2D762C9-096E-4E66-90D9-3FCA5AC3CC84}
	EndGlobalSection
EndGlobal
